
Microsoft Visual Studio Solution File, Format Version 12.00
# Visual Studio Version 16
VisualStudioVersion = 16.0.29728.190
MinimumVisualStudioVersion = 10.0.40219.1
Project("{FAE04EC0-301F-11D3-BF4B-00C04F79EFBC}") = "UMFit", "UMFit\UMFit.csproj", "{CCFCD290-9037-419D-AA3F-3366734B4880}"
EndProject
Global
	GlobalSection(SolutionConfigurationPlatforms) = preSolution
		Debug|Any CPU = Debug|Any CPU
		Release|Any CPU = Release|Any CPU
	EndGlobalSection
	GlobalSection(ProjectConfigurationPlatforms) = postSolution
		{CCFCD290-9037-419D-AA3F-3366734B4880}.Debug|Any CPU.ActiveCfg = Debug|Any CPU
		{CCFCD290-9037-419D-AA3F-3366734B4880}.Debug|Any CPU.Build.0 = Debug|Any CPU
		{CCFCD290-9037-419D-AA3F-3366734B4880}.Release|Any CPU.ActiveCfg = Release|Any CPU
		{CCFCD290-9037-419D-AA3F-3366734B4880}.Release|Any CPU.Build.0 = Release|Any CPU
	EndGlobalSection
	GlobalSection(SolutionProperties) = preSolution
		HideSolutionNode = FALSE
	EndGlobalSection
	GlobalSection(ExtensibilityGlobals) = postSolution
		SolutionGuid = {5E8BC6F0-B897-4469-83BE-F19E6D1492DA}
	EndGlobalSection
EndGlobal
